
Microsoft Visual Studio Solution File, Format Version 12.00
# Visual Studio Version 16
VisualStudioVersion = 16.0.28803.202
MinimumVisualStudioVersion = 10.0.40219.1
Project("{FAE04EC0-301F-11D3-BF4B-00C04F79EFBC}") = "ExcelUpdater", "ExcelUpdater\ExcelUpdater.csproj", "{C8F96AED-380D-466F-B39E-A844E8CCB2F8}"
EndProject
Global
	GlobalSection(SolutionConfigurationPlatforms) = preSolution
		Debug|Any CPU = Debug|Any CPU
		Release|Any CPU = Release|Any CPU
	EndGlobalSection
	GlobalSection(ProjectConfigurationPlatforms) = postSolution
		{C8F96AED-380D-466F-B39E-A844E8CCB2F8}.Debug|Any CPU.ActiveCfg = Debug|Any CPU
		{C8F96AED-380D-466F-B39E-A844E8CCB2F8}.Debug|Any CPU.Build.0 = Debug|Any CPU
		{C8F96AED-380D-466F-B39E-A844E8CCB2F8}.Release|Any CPU.ActiveCfg = Release|Any CPU
		{C8F96AED-380D-466F-B39E-A844E8CCB2F8}.Release|Any CPU.Build.0 = Release|Any CPU
	EndGlobalSection
	GlobalSection(SolutionProperties) = preSolution
		HideSolutionNode = FALSE
	EndGlobalSection
	GlobalSection(ExtensibilityGlobals) = postSolution
		SolutionGuid = {23FD0B0B-95AB-4DFF-A58F-3B45D7286EE2}
	EndGlobalSection
EndGlobal
